// !$*UTF8*$!
{
	archiveVersion = 1;
	classes = {
	};
	objectVersion = 50;
	objects = {

/* Begin PBXBuildFile section */
		DB1431012626AC9700D9041F /* ImageLoader.swift in Sources */ = {isa = PBXBuildFile; fileRef = DB1431002626AC9700D9041F /* ImageLoader.swift */; };
		DB1431042626BC9300D9041F /* DataLoader.swift in Sources */ = {isa = PBXBuildFile; fileRef = DB1431032626BC9300D9041F /* DataLoader.swift */; };
		DB2C91A1262210850034F734 /* MovieTableCellView.swift in Sources */ = {isa = PBXBuildFile; fileRef = DB2C91A0262210850034F734 /* MovieTableCellView.swift */; };
		DB50CBB62632D9ED00D0CA21 /* NotificationName + movieDetailNotificationKay.swift in Sources */ = {isa = PBXBuildFile; fileRef = DB50CBB52632D9ED00D0CA21 /* NotificationName + movieDetailNotificationKay.swift */; };
		DB6302ED2628AA4D008FEFE7 /* MovieDetailViewController.swift in Sources */ = {isa = PBXBuildFile; fileRef = DB6302EC2628AA4D008FEFE7 /* MovieDetailViewController.swift */; };
		DB9E57D926209ECB00951D74 /* ListMovieViewController.swift in Sources */ = {isa = PBXBuildFile; fileRef = DB9E57D826209ECB00951D74 /* ListMovieViewController.swift */; };
		DBCF03862621F20B001D009E /* MovieModel.swift in Sources */ = {isa = PBXBuildFile; fileRef = DBCF03852621F20B001D009E /* MovieModel.swift */; };
		DBFD8529261F659400FDA7AD /* AppDelegate.swift in Sources */ = {isa = PBXBuildFile; fileRef = DBFD8528261F659400FDA7AD /* AppDelegate.swift */; };
		DBFD852E261F659400FDA7AD /* MovieInCinema.xcdatamodeld in Sources */ = {isa = PBXBuildFile; fileRef = DBFD852C261F659400FDA7AD /* MovieInCinema.xcdatamodeld */; };
		DBFD8530261F659800FDA7AD /* Assets.xcassets in Resources */ = {isa = PBXBuildFile; fileRef = DBFD852F261F659800FDA7AD /* Assets.xcassets */; };
		DBFD8533261F659800FDA7AD /* Main.storyboard in Resources */ = {isa = PBXBuildFile; fileRef = DBFD8531261F659800FDA7AD /* Main.storyboard */; };
/* End PBXBuildFile section */

/* Begin PBXFileReference section */
		DB1431002626AC9700D9041F /* ImageLoader.swift */ = {isa = PBXFileReference; lastKnownFileType = sourcecode.swift; path = ImageLoader.swift; sourceTree = "<group>"; };
		DB1431032626BC9300D9041F /* DataLoader.swift */ = {isa = PBXFileReference; lastKnownFileType = sourcecode.swift; path = DataLoader.swift; sourceTree = "<group>"; };
		DB2C91A0262210850034F734 /* MovieTableCellView.swift */ = {isa = PBXFileReference; lastKnownFileType = sourcecode.swift; path = MovieTableCellView.swift; sourceTree = "<group>"; };
		DB50CBB52632D9ED00D0CA21 /* NotificationName + movieDetailNotificationKay.swift */ = {isa = PBXFileReference; lastKnownFileType = sourcecode.swift; path = "NotificationName + movieDetailNotificationKay.swift"; sourceTree = "<group>"; };
		DB6302EC2628AA4D008FEFE7 /* MovieDetailViewController.swift */ = {isa = PBXFileReference; lastKnownFileType = sourcecode.swift; path = MovieDetailViewController.swift; sourceTree = "<group>"; };
		DB9E57D826209ECB00951D74 /* ListMovieViewController.swift */ = {isa = PBXFileReference; lastKnownFileType = sourcecode.swift; path = ListMovieViewController.swift; sourceTree = "<group>"; };
		DBCF03852621F20B001D009E /* MovieModel.swift */ = {isa = PBXFileReference; lastKnownFileType = sourcecode.swift; path = MovieModel.swift; sourceTree = "<group>"; };
		DBFD8525261F659400FDA7AD /* MovieInCinema.app */ = {isa = PBXFileReference; explicitFileType = wrapper.application; includeInIndex = 0; path = MovieInCinema.app; sourceTree = BUILT_PRODUCTS_DIR; };
		DBFD8528261F659400FDA7AD /* AppDelegate.swift */ = {isa = PBXFileReference; lastKnownFileType = sourcecode.swift; path = AppDelegate.swift; sourceTree = "<group>"; };
		DBFD852D261F659400FDA7AD /* MovieList.xcdatamodel */ = {isa = PBXFileReference; lastKnownFileType = wrapper.xcdatamodel; path = MovieList.xcdatamodel; sourceTree = "<group>"; };
		DBFD852F261F659800FDA7AD /* Assets.xcassets */ = {isa = PBXFileReference; lastKnownFileType = folder.assetcatalog; path = Assets.xcassets; sourceTree = "<group>"; };
		DBFD8532261F659800FDA7AD /* Base */ = {isa = PBXFileReference; lastKnownFileType = file.storyboard; name = Base; path = Base.lproj/Main.storyboard; sourceTree = "<group>"; };
		DBFD8534261F659800FDA7AD /* Info.plist */ = {isa = PBXFileReference; lastKnownFileType = text.plist.xml; path = Info.plist; sourceTree = "<group>"; };
		DBFD8535261F659800FDA7AD /* MovieInCinema.entitlements */ = {isa = PBXFileReference; lastKnownFileType = text.plist.entitlements; path = MovieInCinema.entitlements; sourceTree = "<group>"; };
/* End PBXFileReference section */

/* Begin PBXFrameworksBuildPhase section */
		DBFD8522261F659400FDA7AD /* Frameworks */ = {
			isa = PBXFrameworksBuildPhase;
			buildActionMask = 2147483647;
			files = (
			);
			runOnlyForDeploymentPostprocessing = 0;
		};
/* End PBXFrameworksBuildPhase section */

/* Begin PBXGroup section */
		DB50CBB92632DB0A00D0CA21 /* Controllers */ = {
			isa = PBXGroup;
			children = (
				DB9E57D826209ECB00951D74 /* ListMovieViewController.swift */,
				DB2C91A0262210850034F734 /* MovieTableCellView.swift */,
				DB6302EC2628AA4D008FEFE7 /* MovieDetailViewController.swift */,
			);
			path = Controllers;
			sourceTree = "<group>";
		};
		DB50CBBA2632DB2300D0CA21 /* Model */ = {
			isa = PBXGroup;
			children = (
				DBCF03852621F20B001D009E /* MovieModel.swift */,
				DB1431032626BC9300D9041F /* DataLoader.swift */,
				DB1431002626AC9700D9041F /* ImageLoader.swift */,
			);
			path = Model;
			sourceTree = "<group>";
		};
		DB50CBBB2632DB6A00D0CA21 /* Extension */ = {
			isa = PBXGroup;
			children = (
				DB50CBB52632D9ED00D0CA21 /* NotificationName + movieDetailNotificationKay.swift */,
			);
			path = Extension;
			sourceTree = "<group>";
		};
		DB50CBBD2632DBD800D0CA21 /* Support files */ = {
			isa = PBXGroup;
			children = (
				DBFD852F261F659800FDA7AD /* Assets.xcassets */,
				DBFD8531261F659800FDA7AD /* Main.storyboard */,
			);
			path = "Support files";
			sourceTree = "<group>";
		};
		DBFD851C261F659400FDA7AD = {
			isa = PBXGroup;
			children = (
				DBFD8527261F659400FDA7AD /* MovieInCinema */,
				DBFD8526261F659400FDA7AD /* Products */,
			);
			sourceTree = "<group>";
		};
		DBFD8526261F659400FDA7AD /* Products */ = {
			isa = PBXGroup;
			children = (
				DBFD8525261F659400FDA7AD /* MovieInCinema.app */,
			);
			name = Products;
			sourceTree = "<group>";
		};
		DBFD8527261F659400FDA7AD /* MovieInCinema */ = {
			isa = PBXGroup;
			children = (
				DBFD8528261F659400FDA7AD /* AppDelegate.swift */,
				DB50CBB92632DB0A00D0CA21 /* Controllers */,
				DB50CBBB2632DB6A00D0CA21 /* Extension */,
				DB50CBBA2632DB2300D0CA21 /* Model */,
				DB50CBBD2632DBD800D0CA21 /* Support files */,
				DBFD8534261F659800FDA7AD /* Info.plist */,
				DBFD852C261F659400FDA7AD /* MovieInCinema.xcdatamodeld */,
				DBFD8535261F659800FDA7AD /* MovieInCinema.entitlements */,
			);
			path = MovieInCinema;
			sourceTree = "<group>";
		};
/* End PBXGroup section */

/* Begin PBXNativeTarget section */
		DBFD8524261F659400FDA7AD /* MovieInCinema */ = {
			isa = PBXNativeTarget;
			buildConfigurationList = DBFD8538261F659800FDA7AD /* Build configuration list for PBXNativeTarget "MovieInCinema" */;
			buildPhases = (
				DBFD8521261F659400FDA7AD /* Sources */,
				DBFD8522261F659400FDA7AD /* Frameworks */,
				DBFD8523261F659400FDA7AD /* Resources */,
			);
			buildRules = (
			);
			dependencies = (
			);
			name = MovieInCinema;
			productName = MovieList;
			productReference = DBFD8525261F659400FDA7AD /* MovieInCinema.app */;
			productType = "com.apple.product-type.application";
		};
/* End PBXNativeTarget section */

/* Begin PBXProject section */
		DBFD851D261F659400FDA7AD /* Project object */ = {
			isa = PBXProject;
			attributes = {
				LastSwiftUpdateCheck = 1240;
				LastUpgradeCheck = 1240;
				TargetAttributes = {
					DBFD8524261F659400FDA7AD = {
						CreatedOnToolsVersion = 12.4;
					};
				};
			};
			buildConfigurationList = DBFD8520261F659400FDA7AD /* Build configuration list for PBXProject "MovieInCinema" */;
			compatibilityVersion = "Xcode 9.3";
			developmentRegion = en;
			hasScannedForEncodings = 0;
			knownRegions = (
				en,
				Base,
			);
			mainGroup = DBFD851C261F659400FDA7AD;
			productRefGroup = DBFD8526261F659400FDA7AD /* Products */;
			projectDirPath = "";
			projectRoot = "";
			targets = (
				DBFD8524261F659400FDA7AD /* MovieInCinema */,
			);
		};
/* End PBXProject section */

/* Begin PBXResourcesBuildPhase section */
		DBFD8523261F659400FDA7AD /* Resources */ = {
			isa = PBXResourcesBuildPhase;
			buildActionMask = 2147483647;
			files = (
				DBFD8530261F659800FDA7AD /* Assets.xcassets in Resources */,
				DBFD8533261F659800FDA7AD /* Main.storyboard in Resources */,
			);
			runOnlyForDeploymentPostprocessing = 0;
		};
/* End PBXResourcesBuildPhase section */

/* Begin PBXSourcesBuildPhase section */
		DBFD8521261F659400FDA7AD /* Sources */ = {
			isa = PBXSourcesBuildPhase;
			buildActionMask = 2147483647;
			files = (
				DBCF03862621F20B001D009E /* MovieModel.swift in Sources */,
				DBFD8529261F659400FDA7AD /* AppDelegate.swift in Sources */,
				DB1431042626BC9300D9041F /* DataLoader.swift in Sources */,
				DB1431012626AC9700D9041F /* ImageLoader.swift in Sources */,
				DB6302ED2628AA4D008FEFE7 /* MovieDetailViewController.swift in Sources */,
				DB50CBB62632D9ED00D0CA21 /* NotificationName + movieDetailNotificationKay.swift in Sources */,
				DBFD852E261F659400FDA7AD /* MovieInCinema.xcdatamodeld in Sources */,
				DB9E57D926209ECB00951D74 /* ListMovieViewController.swift in Sources */,
				DB2C91A1262210850034F734 /* MovieTableCellView.swift in Sources */,
			);
			runOnlyForDeploymentPostprocessing = 0;
		};
/* End PBXSourcesBuildPhase section */

/* Begin PBXVariantGroup section */
		DBFD8531261F659800FDA7AD /* Main.storyboard */ = {
			isa = PBXVariantGroup;
			children = (
				DBFD8532261F659800FDA7AD /* Base */,
			);
			name = Main.storyboard;
			sourceTree = "<group>";
		};
/* End PBXVariantGroup section */

/* Begin XCBuildConfiguration section */
		DBFD8536261F659800FDA7AD /* Debug */ = {
			isa = XCBuildConfiguration;
			buildSettings = {
				ALWAYS_SEARCH_USER_PATHS = NO;
				CLANG_ANALYZER_NONNULL = YES;
				CLANG_ANALYZER_NUMBER_OBJECT_CONVERSION = YES_AGGRESSIVE;
				CLANG_CXX_LANGUAGE_STANDARD = "gnu++14";
				CLANG_CXX_LIBRARY = "libc++";
				CLANG_ENABLE_MODULES = YES;
				CLANG_ENABLE_OBJC_ARC = YES;
				CLANG_ENABLE_OBJC_WEAK = YES;
				CLANG_WARN_BLOCK_CAPTURE_AUTORELEASING = YES;
				CLANG_WARN_BOOL_CONVERSION = YES;
				CLANG_WARN_COMMA = YES;
				CLANG_WARN_CONSTANT_CONVERSION = YES;
				CLANG_WARN_DEPRECATED_OBJC_IMPLEMENTATIONS = YES;
				CLANG_WARN_DIRECT_OBJC_ISA_USAGE = YES_ERROR;
				CLANG_WARN_DOCUMENTATION_COMMENTS = YES;
				CLANG_WARN_EMPTY_BODY = YES;
				CLANG_WARN_ENUM_CONVERSION = YES;
				CLANG_WARN_INFINITE_RECURSION = YES;
				CLANG_WARN_INT_CONVERSION = YES;
				CLANG_WARN_NON_LITERAL_NULL_CONVERSION = YES;
				CLANG_WARN_OBJC_IMPLICIT_RETAIN_SELF = YES;
				CLANG_WARN_OBJC_LITERAL_CONVERSION = YES;
				CLANG_WARN_OBJC_ROOT_CLASS = YES_ERROR;
				CLANG_WARN_QUOTED_INCLUDE_IN_FRAMEWORK_HEADER = YES;
				CLANG_WARN_RANGE_LOOP_ANALYSIS = YES;
				CLANG_WARN_STRICT_PROTOTYPES = YES;
				CLANG_WARN_SUSPICIOUS_MOVE = YES;
				CLANG_WARN_UNGUARDED_AVAILABILITY = YES_AGGRESSIVE;
				CLANG_WARN_UNREACHABLE_CODE = YES;
				CLANG_WARN__DUPLICATE_METHOD_MATCH = YES;
				COPY_PHASE_STRIP = NO;
				DEBUG_INFORMATION_FORMAT = dwarf;
				ENABLE_STRICT_OBJC_MSGSEND = YES;
				ENABLE_TESTABILITY = YES;
				GCC_C_LANGUAGE_STANDARD = gnu11;
				GCC_DYNAMIC_NO_PIC = NO;
				GCC_NO_COMMON_BLOCKS = YES;
				GCC_OPTIMIZATION_LEVEL = 0;
				GCC_PREPROCESSOR_DEFINITIONS = (
					"DEBUG=1",
					"$(inherited)",
				);
				GCC_WARN_64_TO_32_BIT_CONVERSION = YES;
				GCC_WARN_ABOUT_RETURN_TYPE = YES_ERROR;
				GCC_WARN_UNDECLARED_SELECTOR = YES;
				GCC_WARN_UNINITIALIZED_AUTOS = YES_AGGRESSIVE;
				GCC_WARN_UNUSED_FUNCTION = YES;
				GCC_WARN_UNUSED_VARIABLE = YES;
				MACOSX_DEPLOYMENT_TARGET = 11.1;
				MTL_ENABLE_DEBUG_INFO = INCLUDE_SOURCE;
				MTL_FAST_MATH = YES;
				ONLY_ACTIVE_ARCH = YES;
				SDKROOT = macosx;
				SWIFT_ACTIVE_COMPILATION_CONDITIONS = DEBUG;
				SWIFT_OPTIMIZATION_LEVEL = "-Onone";
			};
			name = Debug;
		};
		DBFD8537261F659800FDA7AD /* Release */ = {
			isa = XCBuildConfiguration;
			buildSettings = {
				ALWAYS_SEARCH_USER_PATHS = NO;
				CLANG_ANALYZER_NONNULL = YES;
				CLANG_ANALYZER_NUMBER_OBJECT_CONVERSION = YES_AGGRESSIVE;
				CLANG_CXX_LANGUAGE_STANDARD = "gnu++14";
				CLANG_CXX_LIBRARY = "libc++";
				CLANG_ENABLE_MODULES = YES;
				CLANG_ENABLE_OBJC_ARC = YES;
				CLANG_ENABLE_OBJC_WEAK = YES;
				CLANG_WARN_BLOCK_CAPTURE_AUTORELEASING = YES;
				CLANG_WARN_BOOL_CONVERSION = YES;
				CLANG_WARN_COMMA = YES;
				CLANG_WARN_CONSTANT_CONVERSION = YES;
				CLANG_WARN_DEPRECATED_OBJC_IMPLEMENTATIONS = YES;
				CLANG_WARN_DIRECT_OBJC_ISA_USAGE = YES_ERROR;
				CLANG_WARN_DOCUMENTATION_COMMENTS = YES;
				CLANG_WARN_EMPTY_BODY = YES;
				CLANG_WARN_ENUM_CONVERSION = YES;
				CLANG_WARN_INFINITE_RECURSION = YES;
				CLANG_WARN_INT_CONVERSION = YES;
				CLANG_WARN_NON_LITERAL_NULL_CONVERSION = YES;
				CLANG_WARN_OBJC_IMPLICIT_RETAIN_SELF = YES;
				CLANG_WARN_OBJC_LITERAL_CONVERSION = YES;
				CLANG_WARN_OBJC_ROOT_CLASS = YES_ERROR;
				CLANG_WARN_QUOTED_INCLUDE_IN_FRAMEWORK_HEADER = YES;
				CLANG_WARN_RANGE_LOOP_ANALYSIS = YES;
				CLANG_WARN_STRICT_PROTOTYPES = YES;
				CLANG_WARN_SUSPICIOUS_MOVE = YES;
				CLANG_WARN_UNGUARDED_AVAILABILITY = YES_AGGRESSIVE;
				CLANG_WARN_UNREACHABLE_CODE = YES;
				CLANG_WARN__DUPLICATE_METHOD_MATCH = YES;
				COPY_PHASE_STRIP = NO;
				DEBUG_INFORMATION_FORMAT = "dwarf-with-dsym";
				ENABLE_NS_ASSERTIONS = NO;
				ENABLE_STRICT_OBJC_MSGSEND = YES;
				GCC_C_LANGUAGE_STANDARD = gnu11;
				GCC_NO_COMMON_BLOCKS = YES;
				GCC_WARN_64_TO_32_BIT_CONVERSION = YES;
				GCC_WARN_ABOUT_RETURN_TYPE = YES_ERROR;
				GCC_WARN_UNDECLARED_SELECTOR = YES;
				GCC_WARN_UNINITIALIZED_AUTOS = YES_AGGRESSIVE;
				GCC_WARN_UNUSED_FUNCTION = YES;
				GCC_WARN_UNUSED_VARIABLE = YES;
				MACOSX_DEPLOYMENT_TARGET = 11.1;
				MTL_ENABLE_DEBUG_INFO = NO;
				MTL_FAST_MATH = YES;
				SDKROOT = macosx;
				SWIFT_COMPILATION_MODE = wholemodule;
				SWIFT_OPTIMIZATION_LEVEL = "-O";
			};
			name = Release;
		};
		DBFD8539261F659800FDA7AD /* Debug */ = {
			isa = XCBuildConfiguration;
			buildSettings = {
				ASSETCATALOG_COMPILER_APPICON_NAME = AppIcon;
				ASSETCATALOG_COMPILER_GLOBAL_ACCENT_COLOR_NAME = AccentColor;
				CODE_SIGN_ENTITLEMENTS = MovieInCinema/MovieInCinema.entitlements;
				CODE_SIGN_STYLE = Automatic;
				COMBINE_HIDPI_IMAGES = YES;
				DEVELOPMENT_TEAM = X8NNCQ3HW6;
				ENABLE_HARDENED_RUNTIME = YES;
				INFOPLIST_FILE = MovieInCinema/Info.plist;
				LD_RUNPATH_SEARCH_PATHS = (
					"$(inherited)",
					"@executable_path/../Frameworks",
				);
				PRODUCT_BUNDLE_IDENTIFIER = "Oleksandr-Solokha.MovieInCinema";
				PRODUCT_NAME = "$(TARGET_NAME)";
				SWIFT_VERSION = 5.0;
			};
			name = Debug;
		};
		DBFD853A261F659800FDA7AD /* Release */ = {
			isa = XCBuildConfiguration;
			buildSettings = {
				ASSETCATALOG_COMPILER_APPICON_NAME = AppIcon;
				ASSETCATALOG_COMPILER_GLOBAL_ACCENT_COLOR_NAME = AccentColor;
				CODE_SIGN_ENTITLEMENTS = MovieInCinema/MovieInCinema.entitlements;
				CODE_SIGN_STYLE = Automatic;
				COMBINE_HIDPI_IMAGES = YES;
				DEVELOPMENT_TEAM = X8NNCQ3HW6;
				ENABLE_HARDENED_RUNTIME = YES;
				INFOPLIST_FILE = MovieInCinema/Info.plist;
				LD_RUNPATH_SEARCH_PATHS = (
					"$(inherited)",
					"@executable_path/../Frameworks",
				);
				PRODUCT_BUNDLE_IDENTIFIER = "Oleksandr-Solokha.MovieInCinema";
				PRODUCT_NAME = "$(TARGET_NAME)";
				SWIFT_VERSION = 5.0;
			};
			name = Release;
		};
/* End XCBuildConfiguration section */

/* Begin XCConfigurationList section */
		DBFD8520261F659400FDA7AD /* Build configuration list for PBXProject "MovieInCinema" */ = {
			isa = XCConfigurationList;
			buildConfigurations = (
				DBFD8536261F659800FDA7AD /* Debug */,
				DBFD8537261F659800FDA7AD /* Release */,
			);
			defaultConfigurationIsVisible = 0;
			defaultConfigurationName = Release;
		};
		DBFD8538261F659800FDA7AD /* Build configuration list for PBXNativeTarget "MovieInCinema" */ = {
			isa = XCConfigurationList;
			buildConfigurations = (
				DBFD8539261F659800FDA7AD /* Debug */,
				DBFD853A261F659800FDA7AD /* Release */,
			);
			defaultConfigurationIsVisible = 0;
			defaultConfigurationName = Release;
		};
/* End XCConfigurationList section */

/* Begin XCVersionGroup section */
		DBFD852C261F659400FDA7AD /* MovieInCinema.xcdatamodeld */ = {
			isa = XCVersionGroup;
			children = (
				DBFD852D261F659400FDA7AD /* MovieList.xcdatamodel */,
			);
			currentVersion = DBFD852D261F659400FDA7AD /* MovieList.xcdatamodel */;
			path = MovieInCinema.xcdatamodeld;
			sourceTree = "<group>";
			versionGroupType = wrapper.xcdatamodel;
		};
/* End XCVersionGroup section */
	};
	rootObject = DBFD851D261F659400FDA7AD /* Project object */;
}
